
Microsoft Visual Studio Solution File, Format Version 12.00
# Visual Studio 2012
Project("{FAE04EC0-301F-11D3-BF4B-00C04F79EFBC}") = "GCB-1", "GCB-1\GCB-1.csproj", "{1D0996AF-F4EC-4902-A6F3-BC6CF049DE57}"
	ProjectSection(ProjectDependencies) = postProject
		{4BF2A087-F171-4D85-A492-7D6F3FDC7EFD} = {4BF2A087-F171-4D85-A492-7D6F3FDC7EFD}
	EndProjectSection
EndProject
Project("{FAE04EC0-301F-11D3-BF4B-00C04F79EFBC}") = "GCB-1.Web", "GCB-1.Web\GCB-1.Web.csproj", "{4BF2A087-F171-4D85-A492-7D6F3FDC7EFD}"
EndProject
Global
	GlobalSection(SolutionConfigurationPlatforms) = preSolution
		Debug|Any CPU = Debug|Any CPU
		Release|Any CPU = Release|Any CPU
	EndGlobalSection
	GlobalSection(ProjectConfigurationPlatforms) = postSolution
		{1D0996AF-F4EC-4902-A6F3-BC6CF049DE57}.Debug|Any CPU.ActiveCfg = Debug|Any CPU
		{1D0996AF-F4EC-4902-A6F3-BC6CF049DE57}.Debug|Any CPU.Build.0 = Debug|Any CPU
		{1D0996AF-F4EC-4902-A6F3-BC6CF049DE57}.Release|Any CPU.ActiveCfg = Release|Any CPU
		{1D0996AF-F4EC-4902-A6F3-BC6CF049DE57}.Release|Any CPU.Build.0 = Release|Any CPU
		{4BF2A087-F171-4D85-A492-7D6F3FDC7EFD}.Debug|Any CPU.ActiveCfg = Debug|Any CPU
		{4BF2A087-F171-4D85-A492-7D6F3FDC7EFD}.Debug|Any CPU.Build.0 = Debug|Any CPU
		{4BF2A087-F171-4D85-A492-7D6F3FDC7EFD}.Release|Any CPU.ActiveCfg = Release|Any CPU
		{4BF2A087-F171-4D85-A492-7D6F3FDC7EFD}.Release|Any CPU.Build.0 = Release|Any CPU
	EndGlobalSection
	GlobalSection(SolutionProperties) = preSolution
		HideSolutionNode = FALSE
	EndGlobalSection
EndGlobal
